# THIS IS AN AUTOGENERATED FILE. DO NOT EDIT THIS FILE DIRECTLY.
# yarn lockfile v1


"@types/node@^13.9.3":
  version "13.13.33"
  resolved "https://registry.yarnpkg.com/@types/node/-/node-13.13.33.tgz#300e65e0b465bda102b9845d172d8d45726a2dd8"
  integrity sha512-1B3GM1yuYsFyEvBb+ljBqWBOylsWDYioZ5wpu8AhXdIhq20neXS7eaSC8GkwHE0yQYGiOIV43lMsgRYTgKZefQ==

reflect-metadata@^0.1.13:
  version "0.1.13"
  resolved "https://registry.yarnpkg.com/reflect-metadata/-/reflect-metadata-0.1.13.tgz#67ae3ca57c972a2aa1642b10fe363fe32d49dc08"
  integrity sha512-Ts1Y/anZELhSsjMcU605fU9RE4Oi3p5ORujwbIKXfWa+0Zxs510Qrmrce5/Jowq3cHSZSJqBjypxmHarc+vEWg==
